github.com/goccy/go-yaml v1.15.23 h1:WS0GAX1uNPDLUvLkNU2vXq6oTnsmfVFocjQ/4qA48qo=
github.com/goccy/go-yaml v1.15.23/go.mod h1:XBurs7gK8ATbW4ZPGKgcbrY1Br56PdM69F7LkFRi1kA=
github.com/joho/godotenv v1.5.1 h1:7eLL/+HRGLY0ldzfGMeQkb7vMd0as4CfYvUVzLqw0N0=
github.com/joho/godotenv v1.5.1/go.mod h1:f4LDr5Voq0i2e/R5DDNOoa2zzDfwtkZa6DnEwAbqwq4=
github.com/robfig/cron v1.2.0 h1:ZjScXvvxeQ63Dbyxy76Fj3AT3Ut0aKsyd2/tl3DTMuQ=
github.com/robfig/cron v1.2.0/go.mod h1:JGuDeoQd7Z6yL4zQhZ3OPEVHB7fL6Ka6skscFHfmt2k=
github.com/robfig/cron/v3 v3.0.1 h1:WdRxkvbJztn8LMz/QEvLN5sBU+xKpSqwwUO1Pjr4qDs=
github.com/robfig/cron/v3 v3.0.1/go.mod h1:eQICP3HwyT7UooqI/z+Ov+PtYAWygg1TEWWzGIFLtro=
golang.org/x/mod v0.17.0 h1:zY54UmvipHiNd+pm+m0x9KhZ9hl1/7QNMyxXbc6ICqA=
golang.org/x/mod v0.17.0/go.mod h1:hTbmBsO62+eylJbnUtE2MGJUyE7QWk4xUqPFrRgJ+7c=
golang.org/x/net v0.33.0 h1:74SYHlV8BIgHIFC/LrYkOGIwL19eTYXQ5wc6TBuO36I=
golang.org/x/net v0.33.0/go.mod h1:HXLR5J+9DxmrqMwG9qjGCxZ+zKXxBru04zlTvWlWuN4=
resty.dev/v3 v3.0.0-beta.1 h1:EFhr5p7fbqbz6QKQFTUK7OF+rH//zEdihdVIA4t80VQ=
resty.dev/v3 v3.0.0-beta.1/go.mod h1:OgkqiPvTDtOuV4MGZuUDhwOpkY8enjOsjjMzeOHefy4=
